# THIS IS AN AUTOGENERATED FILE. DO NOT EDIT THIS FILE DIRECTLY.
# yarn lockfile v1


"@insertish/exponential-backoff@3.1.0-patch.0":
  version "3.1.0-patch.0"
  resolved "https://registry.yarnpkg.com/@insertish/exponential-backoff/-/exponential-backoff-3.1.0-patch.0.tgz#1fff134f70fc0906d11d09069d51183b542e42cf"
  integrity sha512-1qhW81s3GDbssyaxRWdpBAn1cIw5s393HnrdYFjfa2i6rq3SEjQDK6U80g6dq/K0or6JRr2eCn75Wfc1IrGM0g==

"@insertish/isomorphic-ws@^4.0.1":
  version "4.0.1"
  resolved "https://registry.yarnpkg.com/@insertish/isomorphic-ws/-/isomorphic-ws-4.0.1.tgz#5bcd6f73b93efa9ccdb6abf887ae808d40827169"
  integrity sha512-kFD/p8T4Hkqr992QrdkbW/cQ/W/q2d9MPCobwzBv2PwTKLkCD9RaYDy6m17qRnSLQQ5PU0kHCG8kaOwAqzj1vQ==

"@types/node@^17.0.4":
  version "17.0.4"
  resolved "https://registry.yarnpkg.com/@types/node/-/node-17.0.4.tgz#fec0ce0526abb6062fd206d72a642811b887a111"
  integrity sha512-6xwbrW4JJiJLgF+zNypN5wr2ykM9/jHcL7rQ8fZe2vuftggjzZeRSM4OwRc6Xk8qWjwJ99qVHo/JgOGmomWRog==

axios@^0.21.4:
  version "0.21.4"
  resolved "https://registry.yarnpkg.com/axios/-/axios-0.21.4.tgz#c67b90dc0568e5c1cf2b0b858c43ba28e2eda575"
  integrity sha512-ut5vewkiu8jjGBdqpM44XxjuCjq9LAKeHVmoVfHVzy8eHgxxq8SbAVQNovDA8mVi05kP0Ea/n/UzcSHcTJQfNg==
  dependencies:
    follow-redirects "^1.14.0"

dotenv@^10.0.0:
  version "10.0.0"
  resolved "https://registry.yarnpkg.com/dotenv/-/dotenv-10.0.0.tgz#3d4227b8fb95f81096cdd2b66653fb2c7085ba81"
  integrity sha512-rlBi9d8jpv9Sf1klPjNfFAuWDjKLwTIJJ/VxtoTwIR6hnZxcEOQCZg2oIL3MWBYw5GpUDKOEnND7LXTbIpQ03Q==

eventemitter3@^4.0.7:
  version "4.0.7"
  resolved "https://registry.yarnpkg.com/eventemitter3/-/eventemitter3-4.0.7.tgz#2de9b68f6528d5644ef5c59526a1b4a07306169f"
  integrity sha512-8guHBZCwKnFhYdHr2ysuRWErTwhoN2X8XELRlrRwpmfeY2jjuUN4taQMsULKUVo1K4DvZl+0pgfyoysHxvmvEw==

follow-redirects@^1.14.0:
  version "1.14.6"
  resolved "https://registry.yarnpkg.com/follow-redirects/-/follow-redirects-1.14.6.tgz#8cfb281bbc035b3c067d6cd975b0f6ade6e855cd"
  integrity sha512-fhUl5EwSJbbl8AR+uYL2KQDxLkdSjZGR36xy46AO7cOMTrCMON6Sa28FmAnC2tRTDbd/Uuzz3aJBv7EBN7JH8A==

lodash.defaultsdeep@^4.6.1:
  version "4.6.1"
  resolved "https://registry.yarnpkg.com/lodash.defaultsdeep/-/lodash.defaultsdeep-4.6.1.tgz#512e9bd721d272d94e3d3a63653fa17516741ca6"
  integrity sha512-3j8wdDzYuWO3lM3Reg03MuQR957t287Rpcxp1njpEa8oDrikb+FwGdW3n+FELh/A6qib6yPit0j/pv9G/yeAqA==

lodash.flatten@^4.4.0:
  version "4.4.0"
  resolved "https://registry.yarnpkg.com/lodash.flatten/-/lodash.flatten-4.4.0.tgz#f31c22225a9632d2bbf8e4addbef240aa765a61f"
  integrity sha1-8xwiIlqWMtK7+OSt2+8kCqdlph8=

lodash.isequal@^4.5.0:
  version "4.5.0"
  resolved "https://registry.yarnpkg.com/lodash.isequal/-/lodash.isequal-4.5.0.tgz#415c4478f2bcc30120c22ce10ed3226f7d3e18e0"
  integrity sha1-QVxEePK8wwEgwizhDtMib30+GOA=

mobx@^6.3.2:
  version "6.3.10"
  resolved "https://registry.yarnpkg.com/mobx/-/mobx-6.3.10.tgz#c3bc715c8f03717b9a2329f9697d42b7998d42e0"
  integrity sha512-lfuIN5TGXBNy/5s3ggr1L+IbD+LvfZVlj5q1ZuqyV9AfMtunYQvE8G0WfewS9tgIR3I1q8HJEEbcAOsxEgLwRw==

revolt-api@^0.5.3-alpha.9:
  version "0.5.3-alpha.10"
  resolved "https://registry.yarnpkg.com/revolt-api/-/revolt-api-0.5.3-alpha.10.tgz#973f7d63dbce5ddb0c5ec17c7e89a0474770d66f"
  integrity sha512-v+eSPLWpiqmfHafPDeCF1nvd4Ff43ktyvVgGHt7aQN2v9Qm1BFrmpWHWoDPeZpXlW6mtpo+1t74nLK6VCsZ+VA==

revolt.js@5.2.1-patch.6:
  version "5.2.1-patch.6"
  resolved "https://registry.yarnpkg.com/revolt.js/-/revolt.js-5.2.1-patch.6.tgz#6c2e994ca8cf913bc3a376bbae5afa2cf184583b"
  integrity sha512-1ft/RJE2WBPJ0UF+L4jkoq0jaLOq0PYcMDfej9fvbemqJDqru47XaCZOBo6S3gll/EazGBBSLODzGmryC78Tpg==
  dependencies:
    "@insertish/exponential-backoff" "3.1.0-patch.0"
    "@insertish/isomorphic-ws" "^4.0.1"
    axios "^0.21.4"
    eventemitter3 "^4.0.7"
    lodash.defaultsdeep "^4.6.1"
    lodash.flatten "^4.4.0"
    lodash.isequal "^4.5.0"
    mobx "^6.3.2"
    revolt-api "^0.5.3-alpha.9"
    ulid "^2.3.0"
    ws "^8.2.2"

typescript@^4.5.4:
  version "4.5.4"
  resolved "https://registry.yarnpkg.com/typescript/-/typescript-4.5.4.tgz#a17d3a0263bf5c8723b9c52f43c5084edf13c2e8"
  integrity sha512-VgYs2A2QIRuGphtzFV7aQJduJ2gyfTljngLzjpfW9FoYZF6xuw1W0vW9ghCKLfcWrCFxK81CSGRAvS1pn4fIUg==

ulid@^2.3.0:
  version "2.3.0"
  resolved "https://registry.yarnpkg.com/ulid/-/ulid-2.3.0.tgz#93063522771a9774121a84d126ecd3eb9804071f"
  integrity sha512-keqHubrlpvT6G2wH0OEfSW4mquYRcbe/J8NMmveoQOjUqmo+hXtO+ORCpWhdbZ7k72UtY61BL7haGxW6enBnjw==

ws@^8.2.2:
  version "8.4.0"
  resolved "https://registry.yarnpkg.com/ws/-/ws-8.4.0.tgz#f05e982a0a88c604080e8581576e2a063802bed6"
  integrity sha512-IHVsKe2pjajSUIl4KYMQOdlyliovpEPquKkqbwswulszzI7r0SfQrxnXdWAEqOlDCLrVSJzo+O1hAwdog2sKSQ==
